
Microsoft Visual Studio Solution File, Format Version 12.00
# Visual Studio Version 17
VisualStudioVersion = 17.9.34723.18
MinimumVisualStudioVersion = 10.0.40219.1
Project("{FAE04EC0-301F-11D3-BF4B-00C04F79EFBC}") = "texti", "texti\texti.csproj", "{7A18B7FC-E986-4DB1-BCC9-749988C6C796}"
EndProject
Global
	GlobalSection(SolutionConfigurationPlatforms) = preSolution
		Debug|Any CPU = Debug|Any CPU
		Release|Any CPU = Release|Any CPU
	EndGlobalSection
	GlobalSection(ProjectConfigurationPlatforms) = postSolution
		{7A18B7FC-E986-4DB1-BCC9-749988C6C796}.Debug|Any CPU.ActiveCfg = Debug|Any CPU
		{7A18B7FC-E986-4DB1-BCC9-749988C6C796}.Debug|Any CPU.Build.0 = Debug|Any CPU
		{7A18B7FC-E986-4DB1-BCC9-749988C6C796}.Release|Any CPU.ActiveCfg = Release|Any CPU
		{7A18B7FC-E986-4DB1-BCC9-749988C6C796}.Release|Any CPU.Build.0 = Release|Any CPU
	EndGlobalSection
	GlobalSection(SolutionProperties) = preSolution
		HideSolutionNode = FALSE
	EndGlobalSection
	GlobalSection(ExtensibilityGlobals) = postSolution
		SolutionGuid = {7E94813C-2663-4E3A-9E3B-DD3C1528A5AD}
	EndGlobalSection
EndGlobal
